<?xml version="1.0" encoding="utf-8"?>
<Project ToolsVersion="4.0" xmlns="http://schemas.microsoft.com/developer/msbuild/2003">
  <ItemGroup>
    <FxCompile Include="ourEngine\shaders\deferredPixelShader.hlsl" />
    <FxCompile Include="ourEngine\shaders\deferredVertexShader.hlsl" />
    <FxCompile Include="ourEngine\shaders\3DPixel.hlsl" />
    <FxCompile Include="ourEngine\shaders\3DVertex.hlsl" />
    <FxCompile Include="ourEngine\shaders\pickingPixelShader.hlsl" />
    <FxCompile Include="ourEngine\shaders\pickingVertexShader.hlsl" />
    <FxCompile Include="ourEngine\shaders\standardDomainShader.hlsl" />
    <FxCompile Include="ourEngine\shaders\standardHullShader.hlsl" />
    <FxCompile Include="ourEngine\shaders\transPixelShader.hlsl" />
    <FxCompile Include="ourEngine\shaders\transVertexShader.hlsl" />
    <FxCompile Include="ourEngine\shaders\hudPixelShader.hlsl" />
    <FxCompile Include="ourEngine\shaders\hudVertexShader.hlsl" />
    <FxCompile Include="ourEngine\shaders\testComputeShader.hlsl" />
    <FxCompile Include="ourEngine\shaders\skyBoxVertexShader.hlsl" />
    <FxCompile Include="ourEngine\shaders\skyBoxPixelShader.hlsl" />
  </ItemGroup>
  <ItemGroup>
    <ClCompile Include="ourEngine\core\Camera\Camera.cpp" />
    <ClCompile Include="ourEngine\core\Camera\OrbitCamera.cpp" />
    <ClCompile Include="ourEngine\core\WICTextureLoader\WICTextureLoader.cpp" />
    <ClCompile Include="ourEngine\interface\shape\3DObject.cpp" />
    <ClCompile Include="ourEngine\interface\shape\Material.cpp" />
    <ClCompile Include="ourEngine\interface\shape\Mesh.cpp" />
    <ClCompile Include="ourEngine\interface\shape\Rectangle.cpp" />
    <ClCompile Include="ourEngine\interface\shape\Shape.cpp" />
    <ClCompile Include="ourEngine\interface\Window.cpp" />
    <ClCompile Include="trolls_inn\Bobby test\StateManager\GameState.cpp" />
    <ClCompile Include="trolls_inn\Bobby test\StateManager\MainMenu.cpp" />
    <ClCompile Include="ourEngine\interface\light\Light.cpp" />
    <ClCompile Include="ourEngine\interface\Input.cpp" />
    <ClCompile Include="trolls_inn\AI_Base\Attributes.cpp" />
    <ClCompile Include="trolls_inn\AI_Base\Economy.cpp" />
    <ClCompile Include="trolls_inn\AI_Base\LevelTracker.cpp" />
    <ClCompile Include="trolls_inn\AI_Base\Customer.cpp" />
    <ClCompile Include="trolls_inn\AI_Base\Staff.cpp" />
    <ClCompile Include="trolls_inn\AI_Base\CustomerFlowControl.cpp" />
    <ClCompile Include="trolls_inn\main.cpp" />
    <ClCompile Include="trolls_inn\AI_Base\RandomNumberGenerator.cpp" />
    <ClCompile Include="trolls_inn\AI_Base\MasterAI.cpp" />
    <ClCompile Include="trolls_inn\Bobby test\Character.cpp" />
    <ClCompile Include="trolls_inn\Bobby test\MagnusTestMain.cpp" />
    <ClCompile Include="trolls_inn\Bobby test\Source2(bobby test).cpp" />
    <ClCompile Include="ourEngine\core\FileReader.cpp" />
    <ClCompile Include="trolls_inn\Bobby test\Room\Room.cpp" />
    <ClCompile Include="trolls_inn\Bobby test\Room\RoomCtrl.cpp" />
    <ClCompile Include="trolls_inn\Bobby test\Room\Structure.cpp" />
    <ClCompile Include="trolls_inn\Bobby test\Room\Wall.cpp" />
    <ClCompile Include="trolls_inn\Bobby test\Room\Grid.cpp" />
    <ClCompile Include="trolls_inn\Bobby test\Room\Kitchen.cpp" />
    <ClCompile Include="trolls_inn\AI_Base\AITest.cpp" />
    <ClCompile Include="trolls_inn\AI_Base\InnDummyFile.cpp" />
    <ClCompile Include="ourEngine\core\Picking.cpp" />
    <ClCompile Include="trolls_inn\Bobby test\StateManager\HUD\HUD.cpp" />
    <ClCompile Include="trolls_inn\Time Management\GameTime.cpp" />
    <ClCompile Include="ourEngine\interface\Text.cpp" />
    <ClCompile Include="ourEngine\interface\shape\SkyBoxObject.cpp" />
    <ClCompile Include="ourEngine\interface\light\PointLight.cpp" />
    <ClCompile Include="trolls_inn\Bobby test\Room\Reception.cpp" />
    <ClCompile Include="trolls_inn\AI_Base\AISolver.cpp" />
  </ItemGroup>
  <ItemGroup>
    <ClInclude Include="ourEngine\core\Camera\Camera.h" />
    <ClInclude Include="ourEngine\core\Camera\OrbitCamera.h" />
    <ClInclude Include="ourEngine\core\Dx.h" />
    <ClInclude Include="ourEngine\core\ObjLoader.h" />
    <ClInclude Include="ourEngine\core\ShaderCreator.h" />
    <ClInclude Include="ourEngine\core\WICTextureLoader\WICTextureLoader.h" />
    <ClInclude Include="ourEngine\interface\Interface.h" />
    <ClInclude Include="ourEngine\interface\shape\3DObject.h" />
    <ClInclude Include="ourEngine\interface\shape\Material.h" />
    <ClInclude Include="ourEngine\interface\shape\Mesh.h" />
    <ClInclude Include="ourEngine\interface\shape\Rectangle.h" />
    <ClInclude Include="ourEngine\interface\shape\Shape.h" />
    <ClInclude Include="ourEngine\interface\Window.h" />
    <ClInclude Include="ourEngine\Structs.h" />
    <ClInclude Include="trolls_inn\Bobby test\StateManager\GameState.h" />
    <ClInclude Include="trolls_inn\Bobby test\StateManager\MainMenu.h" />
    <ClInclude Include="trolls_inn\Bobby test\StateManager\State.h" />
    <ClInclude Include="ourEngine\interface\light\Light.h" />
    <ClInclude Include="ourEngine\interface\Input.h" />
    <ClInclude Include="trolls_inn\AI_Base\Attributes.h" />
    <ClInclude Include="trolls_inn\AI_Base\Customer.h" />
    <ClInclude Include="trolls_inn\AI_Base\Economy.h" />
    <ClInclude Include="trolls_inn\AI_Base\LevelTracker.h" />
    <ClInclude Include="trolls_inn\AI_Base\Staff.h" />
    <ClInclude Include="trolls_inn\AI_Base\MasterAI.h" />
    <ClInclude Include="trolls_inn\AI_Base\CustomerFlowControl.h" />
    <ClInclude Include="trolls_inn\AI_Base\RandomNumberGenerator.h" />
    <ClInclude Include="trolls_inn\AI_Base\InnDummyFile.h" />
    <ClInclude Include="trolls_inn\Bobby test\Character.h" />
    <ClInclude Include="trolls_inn\Bobby test\Room\Bedroom.h" />
    <ClInclude Include="trolls_inn\Bobby test\Room\Grid.h" />
    <ClInclude Include="trolls_inn\Bobby test\Room\Kitchen.h" />
    <ClInclude Include="trolls_inn\Bobby test\Room\Room.h" />
    <ClInclude Include="trolls_inn\Bobby test\Room\RoomCtrl.h" />
    <ClInclude Include="trolls_inn\Bobby test\Room\Structure.h" />
    <ClInclude Include="trolls_inn\Bobby test\Character.h" />
    <ClInclude Include="trolls_inn\Bobby test\StateManager\HUD\HUD.h" />
    <ClInclude Include="ourEngine\core\Font\SpriteBatch.h" />
    <ClInclude Include="ourEngine\core\Font\SpriteFont.h" />
    <ClInclude Include="ourEngine\core\FileReader.h" />
    <ClInclude Include="ourEngine\core\Picking.h" />
    <ClInclude Include="ourEngine\core\Audio\Audio.h" />
    <ClInclude Include="trolls_inn\Time Management\GameTime.h" />
    <ClInclude Include="ourEngine\interface\Text.h" />
    <ClInclude Include="ourEngine\interface\shape\SkyBoxObject.h" />
    <ClInclude Include="ourEngine\interface\light\PointLight.h" />
    <ClInclude Include="trolls_inn\Bobby test\Room\Reception.h" />
    <ClInclude Include="trolls_inn\AI_Base\AISolver.h" />
  </ItemGroup>
  <ItemGroup>
    <Image Include="trolls_inn\Resources\Untitled.bmp" />
  </ItemGroup>
  <ItemGroup>
    <Text Include="trolls_inn\Resources\Aaakali.txt" />
    <Text Include="trolls_inn\Resources\cube.txt" />
    <Text Include="trolls_inn\Resources\HUD\HUDDesc.txt" />
  </ItemGroup>
  <ItemGroup>
    <Library Include="ourEngine\core\Audio\AudioLibxDB.lib" />
    <Library Include="ourEngine\core\Audio\AudioLibxRL.lib" />
    <Library Include="ourEngine\core\Font\FontLibxRL.lib" />
    <Library Include="ourEngine\core\Font\FontLibxDB.lib" />
  </ItemGroup>
</Project>