<?xml version="1.0" encoding="utf-8"?>
<Project ToolsVersion="4.0" xmlns="http://schemas.microsoft.com/developer/msbuild/2003">
  <ItemGroup>
    <Filter Include="Source Files">
      <UniqueIdentifier>{4FC737F1-C7A5-4376-A066-2A32D752A2FF}</UniqueIdentifier>
      <Extensions>cpp;c;cc;cxx;def;odl;idl;hpj;bat;asm;asmx</Extensions>
    </Filter>
    <Filter Include="Header Files">
      <UniqueIdentifier>{93995380-89BD-4b04-88EB-625FBE52EBFB}</UniqueIdentifier>
      <Extensions>h;hh;hpp;hxx;hm;inl;inc;xsd</Extensions>
    </Filter>
    <Filter Include="Resource Files">
      <UniqueIdentifier>{67DA6AB6-F800-4c08-8B7A-83BB121AAD01}</UniqueIdentifier>
      <Extensions>rc;ico;cur;bmp;dlg;rc2;rct;bin;rgs;gif;jpg;jpeg;jpe;resx;tiff;tif;png;wav;mfcribbon-ms</Extensions>
    </Filter>
  </ItemGroup>
  <ItemGroup>
    <ClCompile Include="trolls_inn\main.cpp">
      <Filter>Source Files</Filter>
    </ClCompile>
    <ClCompile Include="ourEngine\interface\Window.cpp">
      <Filter>Source Files</Filter>
    </ClCompile>
    <ClCompile Include="ourEngine\interface\shape\Shape.cpp">
      <Filter>Source Files</Filter>
    </ClCompile>
    <ClCompile Include="ourEngine\interface\shape\Mesh.cpp">
      <Filter>Source Files</Filter>
    </ClCompile>
    <ClCompile Include="ourEngine\interface\shape\Rectangle.cpp">
      <Filter>Source Files</Filter>
    </ClCompile>
    <ClCompile Include="ourEngine\interface\shape\3DObject.cpp">
      <Filter>Source Files</Filter>
    </ClCompile>
    <ClCompile Include="ourEngine\interface\shape\Material.cpp">
      <Filter>Source Files</Filter>
    </ClCompile>
    <ClCompile Include="ourEngine\core\WICTextureLoader\WICTextureLoader.cpp">
      <Filter>Source Files</Filter>
    </ClCompile>
    <ClCompile Include="ourEngine\interface\OurMath.cpp">
      <Filter>Source Files</Filter>
    </ClCompile>
    <ClCompile Include="ourEngine\core\Camera\Camera.cpp">
      <Filter>Source Files</Filter>
    </ClCompile>
    <ClCompile Include="ourEngine\core\Camera\FPSCamera.cpp">
      <Filter>Source Files</Filter>
    </ClCompile>
    <ClCompile Include="ourEngine\core\Camera\MayaCamera.cpp">
      <Filter>Source Files</Filter>
    </ClCompile>
  </ItemGroup>
  <ItemGroup>
    <ClInclude Include="ourEngine\interface\Window.h">
      <Filter>Header Files</Filter>
    </ClInclude>
    <ClInclude Include="ourEngine\interface\Interface.h">
      <Filter>Header Files</Filter>
    </ClInclude>
    <ClInclude Include="ourEngine\interface\shape\Shape.h">
      <Filter>Header Files</Filter>
    </ClInclude>
    <ClInclude Include="ourEngine\interface\shape\Mesh.h">
      <Filter>Header Files</Filter>
    </ClInclude>
    <ClInclude Include="ourEngine\Structs.h">
      <Filter>Header Files</Filter>
    </ClInclude>
    <ClInclude Include="ourEngine\core\Dx.h">
      <Filter>Header Files</Filter>
    </ClInclude>
    <ClInclude Include="ourEngine\core\ShaderCreator.h">
      <Filter>Header Files</Filter>
    </ClInclude>
    <ClInclude Include="ourEngine\interface\shape\Rectangle.h">
      <Filter>Header Files</Filter>
    </ClInclude>
    <ClInclude Include="ourEngine\interface\shape\3DObject.h">
      <Filter>Header Files</Filter>
    </ClInclude>
    <ClInclude Include="ourEngine\core\ObjLoader.h">
      <Filter>Header Files</Filter>
    </ClInclude>
    <ClInclude Include="ourEngine\interface\shape\Material.h">
      <Filter>Header Files</Filter>
    </ClInclude>
    <ClInclude Include="ourEngine\core\WICTextureLoader\WICTextureLoader.h">
      <Filter>Header Files</Filter>
    </ClInclude>
    <ClInclude Include="ourEngine\interface\OurMath.h">
      <Filter>Header Files</Filter>
    </ClInclude>
    <ClInclude Include="ourEngine\core\Camera\Camera.h">
      <Filter>Header Files</Filter>
    </ClInclude>
    <ClInclude Include="ourEngine\core\Camera\FPSCamera.h">
      <Filter>Header Files</Filter>
    </ClInclude>
    <ClInclude Include="ourEngine\core\Camera\MayaCamera.h">
      <Filter>Header Files</Filter>
    </ClInclude>
  </ItemGroup>
  <ItemGroup>
    <FxCompile Include="ourEngine\shaders\deferredVertexShader.hlsl" />
    <FxCompile Include="ourEngine\shaders\deferredPixelShader.hlsl" />
    <FxCompile Include="ourEngine\shaders\3DVertex.hlsl" />
    <FxCompile Include="ourEngine\shaders\3DPixel.hlsl" />
  </ItemGroup>
  <ItemGroup>
    <Text Include="trolls_inn\Resources\cube.txt" />
    <Text Include="trolls_inn\Resources\Aaakali.txt" />
  </ItemGroup>
  <ItemGroup>
    <Image Include="trolls_inn\Resources\Untitled.bmp">
      <Filter>Resource Files</Filter>
    </Image>
  </ItemGroup>
</Project>